
Microsoft Visual Studio Solution File, Format Version 12.00
# Visual Studio Version 17
VisualStudioVersion = 17.2.32630.192
MinimumVisualStudioVersion = 10.0.40219.1
Project("{9A19103F-16F7-4668-BE54-9A1E7A4F7556}") = "Sphynx", "Sphynx\Sphynx.csproj", "{49D4D0F5-1953-41AC-890E-61E3ACDEC193}"
EndProject
Global
	GlobalSection(SolutionConfigurationPlatforms) = preSolution
		Debug|Any CPU = Debug|Any CPU
		Release|Any CPU = Release|Any CPU
	EndGlobalSection
	GlobalSection(ProjectConfigurationPlatforms) = postSolution
		{49D4D0F5-1953-41AC-890E-61E3ACDEC193}.Debug|Any CPU.ActiveCfg = Debug|Any CPU
		{49D4D0F5-1953-41AC-890E-61E3ACDEC193}.Debug|Any CPU.Build.0 = Debug|Any CPU
		{49D4D0F5-1953-41AC-890E-61E3ACDEC193}.Release|Any CPU.ActiveCfg = Release|Any CPU
		{49D4D0F5-1953-41AC-890E-61E3ACDEC193}.Release|Any CPU.Build.0 = Release|Any CPU
	EndGlobalSection
	GlobalSection(SolutionProperties) = preSolution
		HideSolutionNode = FALSE
	EndGlobalSection
	GlobalSection(ExtensibilityGlobals) = postSolution
		SolutionGuid = {1D74DBBD-FD7F-4277-BDE2-13799DE42E93}
	EndGlobalSection
EndGlobal
